// !$*UTF8*$!
{
	archiveVersion = 1;
	classes = {
	};
	objectVersion = 52;
	objects = {

/* Begin PBXBuildFile section */
		1445A6E325F7A5AA00E140E0 /* Storyboard.storyboard in Resources */ = {isa = PBXBuildFile; fileRef = 1445A6E225F7A5AA00E140E0 /* Storyboard.storyboard */; };
		1445A6E625F7A5B800E140E0 /* Storyboard.storyboard in Resources */ = {isa = PBXBuildFile; fileRef = 1445A6E525F7A5B800E140E0 /* Storyboard.storyboard */; };
		1445A6E925F7A5C100E140E0 /* Storyboard.storyboard in Resources */ = {isa = PBXBuildFile; fileRef = 1445A6E825F7A5C100E140E0 /* Storyboard.storyboard */; };
		1445A72B25F7ACE700E140E0 /* Storyboard.storyboard in Resources */ = {isa = PBXBuildFile; fileRef = 1445A72A25F7ACE700E140E0 /* Storyboard.storyboard */; };
		47C1F53EDB92E96B8115586E /* Pods_TakeItLogin.framework in Frameworks */ = {isa = PBXBuildFile; fileRef = 5E91E573E4C1981EFC1A3885 /* Pods_TakeItLogin.framework */; };
		922A557025F3E85C00A38E0E /* SignUpViewController.swift in Sources */ = {isa = PBXBuildFile; fileRef = 922A556F25F3E85C00A38E0E /* SignUpViewController.swift */; };
		9250EAB625F35C5A00801C54 /* FacebookLogin in Frameworks */ = {isa = PBXBuildFile; productRef = 9250EAB525F35C5A00801C54 /* FacebookLogin */; };
		9250EAB825F35C5A00801C54 /* FacebookCore in Frameworks */ = {isa = PBXBuildFile; productRef = 9250EAB725F35C5A00801C54 /* FacebookCore */; };
		9250EABA25F35C5A00801C54 /* FacebookShare in Frameworks */ = {isa = PBXBuildFile; productRef = 9250EAB925F35C5A00801C54 /* FacebookShare */; };
		9250EABE25F37F4B00801C54 /* Kingfisher in Frameworks */ = {isa = PBXBuildFile; productRef = 9250EABD25F37F4B00801C54 /* Kingfisher */; };
		92FA519825EFCACC00539D9C /* AppDelegate.swift in Sources */ = {isa = PBXBuildFile; fileRef = 92FA519725EFCACC00539D9C /* AppDelegate.swift */; };
		92FA519A25EFCACC00539D9C /* SceneDelegate.swift in Sources */ = {isa = PBXBuildFile; fileRef = 92FA519925EFCACC00539D9C /* SceneDelegate.swift */; };
		92FA519F25EFCACC00539D9C /* Main.storyboard in Resources */ = {isa = PBXBuildFile; fileRef = 92FA519D25EFCACC00539D9C /* Main.storyboard */; };
		92FA51A125EFCACF00539D9C /* Assets.xcassets in Resources */ = {isa = PBXBuildFile; fileRef = 92FA51A025EFCACF00539D9C /* Assets.xcassets */; };
		92FA51A425EFCACF00539D9C /* LaunchScreen.storyboard in Resources */ = {isa = PBXBuildFile; fileRef = 92FA51A225EFCACF00539D9C /* LaunchScreen.storyboard */; };
		92FA51AD25EFCAFC00539D9C /* GoogleService-Info.plist in Resources */ = {isa = PBXBuildFile; fileRef = 92FA51AC25EFCAFC00539D9C /* GoogleService-Info.plist */; };
		92FA51BF25EFD48900539D9C /* HomeViewController.swift in Sources */ = {isa = PBXBuildFile; fileRef = 92FA51BE25EFD48800539D9C /* HomeViewController.swift */; };
		92FA51C325EFD4D100539D9C /* LogInViewController.swift in Sources */ = {isa = PBXBuildFile; fileRef = 92FA51C225EFD4D100539D9C /* LogInViewController.swift */; };
		92FA51C625EFD52F00539D9C /* MemberViewController.swift in Sources */ = {isa = PBXBuildFile; fileRef = 92FA51C525EFD52F00539D9C /* MemberViewController.swift */; };
		92FA51CC25EFD7D600539D9C /* ForgetPasswordViewController.swift in Sources */ = {isa = PBXBuildFile; fileRef = 92FA51CB25EFD7D600539D9C /* ForgetPasswordViewController.swift */; };
/* End PBXBuildFile section */

/* Begin PBXFileReference section */
		1445A6E225F7A5AA00E140E0 /* Storyboard.storyboard */ = {isa = PBXFileReference; lastKnownFileType = file.storyboard; path = Storyboard.storyboard; sourceTree = "<group>"; };
		1445A6E525F7A5B800E140E0 /* Storyboard.storyboard */ = {isa = PBXFileReference; lastKnownFileType = file.storyboard; path = Storyboard.storyboard; sourceTree = "<group>"; };
		1445A6E825F7A5C100E140E0 /* Storyboard.storyboard */ = {isa = PBXFileReference; lastKnownFileType = file.storyboard; path = Storyboard.storyboard; sourceTree = "<group>"; };
		1445A72A25F7ACE700E140E0 /* Storyboard.storyboard */ = {isa = PBXFileReference; lastKnownFileType = file.storyboard; path = Storyboard.storyboard; sourceTree = "<group>"; };
		4816E5AAD29BB9939362D471 /* Pods-TakeItLogin.debug.xcconfig */ = {isa = PBXFileReference; includeInIndex = 1; lastKnownFileType = text.xcconfig; name = "Pods-TakeItLogin.debug.xcconfig"; path = "Target Support Files/Pods-TakeItLogin/Pods-TakeItLogin.debug.xcconfig"; sourceTree = "<group>"; };
		5E91E573E4C1981EFC1A3885 /* Pods_TakeItLogin.framework */ = {isa = PBXFileReference; explicitFileType = wrapper.framework; includeInIndex = 0; path = Pods_TakeItLogin.framework; sourceTree = BUILT_PRODUCTS_DIR; };
		922A556F25F3E85C00A38E0E /* SignUpViewController.swift */ = {isa = PBXFileReference; lastKnownFileType = sourcecode.swift; path = SignUpViewController.swift; sourceTree = "<group>"; };
		92FA519425EFCACC00539D9C /* TakeItLogin.app */ = {isa = PBXFileReference; explicitFileType = wrapper.application; includeInIndex = 0; path = TakeItLogin.app; sourceTree = BUILT_PRODUCTS_DIR; };
		92FA519725EFCACC00539D9C /* AppDelegate.swift */ = {isa = PBXFileReference; lastKnownFileType = sourcecode.swift; path = AppDelegate.swift; sourceTree = "<group>"; };
		92FA519925EFCACC00539D9C /* SceneDelegate.swift */ = {isa = PBXFileReference; lastKnownFileType = sourcecode.swift; path = SceneDelegate.swift; sourceTree = "<group>"; };
		92FA519E25EFCACC00539D9C /* Base */ = {isa = PBXFileReference; lastKnownFileType = file.storyboard; name = Base; path = Base.lproj/Main.storyboard; sourceTree = "<group>"; };
		92FA51A025EFCACF00539D9C /* Assets.xcassets */ = {isa = PBXFileReference; lastKnownFileType = folder.assetcatalog; path = Assets.xcassets; sourceTree = "<group>"; };
		92FA51A325EFCACF00539D9C /* Base */ = {isa = PBXFileReference; lastKnownFileType = file.storyboard; name = Base; path = Base.lproj/LaunchScreen.storyboard; sourceTree = "<group>"; };
		92FA51A525EFCACF00539D9C /* Info.plist */ = {isa = PBXFileReference; lastKnownFileType = text.plist.xml; path = Info.plist; sourceTree = "<group>"; };
		92FA51AC25EFCAFC00539D9C /* GoogleService-Info.plist */ = {isa = PBXFileReference; fileEncoding = 4; lastKnownFileType = text.plist.xml; path = "GoogleService-Info.plist"; sourceTree = "<group>"; };
		92FA51BE25EFD48800539D9C /* HomeViewController.swift */ = {isa = PBXFileReference; lastKnownFileType = sourcecode.swift; path = HomeViewController.swift; sourceTree = "<group>"; };
		92FA51C225EFD4D100539D9C /* LogInViewController.swift */ = {isa = PBXFileReference; lastKnownFileType = sourcecode.swift; path = LogInViewController.swift; sourceTree = "<group>"; };
		92FA51C525EFD52F00539D9C /* MemberViewController.swift */ = {isa = PBXFileReference; lastKnownFileType = sourcecode.swift; path = MemberViewController.swift; sourceTree = "<group>"; };
		92FA51CB25EFD7D600539D9C /* ForgetPasswordViewController.swift */ = {isa = PBXFileReference; lastKnownFileType = sourcecode.swift; path = ForgetPasswordViewController.swift; sourceTree = "<group>"; };
		AC75CCB938693BCCE0FA1B93 /* Pods-TakeItLogin.release.xcconfig */ = {isa = PBXFileReference; includeInIndex = 1; lastKnownFileType = text.xcconfig; name = "Pods-TakeItLogin.release.xcconfig"; path = "Target Support Files/Pods-TakeItLogin/Pods-TakeItLogin.release.xcconfig"; sourceTree = "<group>"; };
/* End PBXFileReference section */

/* Begin PBXFrameworksBuildPhase section */
		92FA519125EFCACC00539D9C /* Frameworks */ = {
			isa = PBXFrameworksBuildPhase;
			buildActionMask = 2147483647;
			files = (
				9250EAB625F35C5A00801C54 /* FacebookLogin in Frameworks */,
				9250EAB825F35C5A00801C54 /* FacebookCore in Frameworks */,
				9250EABA25F35C5A00801C54 /* FacebookShare in Frameworks */,
				47C1F53EDB92E96B8115586E /* Pods_TakeItLogin.framework in Frameworks */,
				9250EABE25F37F4B00801C54 /* Kingfisher in Frameworks */,
			);
			runOnlyForDeploymentPostprocessing = 0;
		};
/* End PBXFrameworksBuildPhase section */

/* Begin PBXGroup section */
		1445A72825F7ACD700E140E0 /* Rune */ = {
			isa = PBXGroup;
			children = (
				1445A72A25F7ACE700E140E0 /* Storyboard.storyboard */,
			);
			path = Rune;
			sourceTree = "<group>";
		};
		1488046B25F7A2A800375C30 /* PeiChen */ = {
			isa = PBXGroup;
			children = (
				1445A6E825F7A5C100E140E0 /* Storyboard.storyboard */,
			);
			path = PeiChen;
			sourceTree = "<group>";
		};
		1488046C25F7A2ED00375C30 /* Yuan */ = {
			isa = PBXGroup;
			children = (
				1445A6E525F7A5B800E140E0 /* Storyboard.storyboard */,
			);
			path = Yuan;
			sourceTree = "<group>";
		};
		1488046E25F7A30200375C30 /* LeeWaiter */ = {
			isa = PBXGroup;
			children = (
				1445A6E225F7A5AA00E140E0 /* Storyboard.storyboard */,
			);
			path = LeeWaiter;
			sourceTree = "<group>";
		};
		5EEE8BACDE58CB6CBA8CFF11 /* Frameworks */ = {
			isa = PBXGroup;
			children = (
				5E91E573E4C1981EFC1A3885 /* Pods_TakeItLogin.framework */,
			);
			name = Frameworks;
			sourceTree = "<group>";
		};
		92FA518B25EFCACC00539D9C = {
			isa = PBXGroup;
			children = (
				92FA519625EFCACC00539D9C /* TakeItLogin */,
				92FA519525EFCACC00539D9C /* Products */,
				A2D67B64ECF3572491FF7197 /* Pods */,
				5EEE8BACDE58CB6CBA8CFF11 /* Frameworks */,
			);
			sourceTree = "<group>";
		};
		92FA519525EFCACC00539D9C /* Products */ = {
			isa = PBXGroup;
			children = (
				92FA519425EFCACC00539D9C /* TakeItLogin.app */,
			);
			name = Products;
			sourceTree = "<group>";
		};
		92FA519625EFCACC00539D9C /* TakeItLogin */ = {
			isa = PBXGroup;
			children = (
				1445A72825F7ACD700E140E0 /* Rune */,
				1488046E25F7A30200375C30 /* LeeWaiter */,
				1488046C25F7A2ED00375C30 /* Yuan */,
				1488046B25F7A2A800375C30 /* PeiChen */,
				92FA519725EFCACC00539D9C /* AppDelegate.swift */,
				92FA519925EFCACC00539D9C /* SceneDelegate.swift */,
				92FA519D25EFCACC00539D9C /* Main.storyboard */,
				92FA51BE25EFD48800539D9C /* HomeViewController.swift */,
				92FA51A025EFCACF00539D9C /* Assets.xcassets */,
				92FA51CB25EFD7D600539D9C /* ForgetPasswordViewController.swift */,
				92FA51C525EFD52F00539D9C /* MemberViewController.swift */,
				92FA51C225EFD4D100539D9C /* LogInViewController.swift */,
				922A556F25F3E85C00A38E0E /* SignUpViewController.swift */,
				92FA51A225EFCACF00539D9C /* LaunchScreen.storyboard */,
				92FA51AC25EFCAFC00539D9C /* GoogleService-Info.plist */,
				92FA51A525EFCACF00539D9C /* Info.plist */,
			);
			path = TakeItLogin;
			sourceTree = "<group>";
		};
		A2D67B64ECF3572491FF7197 /* Pods */ = {
			isa = PBXGroup;
			children = (
				4816E5AAD29BB9939362D471 /* Pods-TakeItLogin.debug.xcconfig */,
				AC75CCB938693BCCE0FA1B93 /* Pods-TakeItLogin.release.xcconfig */,
			);
			path = Pods;
			sourceTree = "<group>";
		};
/* End PBXGroup section */

/* Begin PBXNativeTarget section */
		92FA519325EFCACC00539D9C /* TakeItLogin */ = {
			isa = PBXNativeTarget;
			buildConfigurationList = 92FA51A825EFCACF00539D9C /* Build configuration list for PBXNativeTarget "TakeItLogin" */;
			buildPhases = (
				5B9A5C95985CCC277C9C4F82 /* [CP] Check Pods Manifest.lock */,
				92FA519025EFCACC00539D9C /* Sources */,
				92FA519125EFCACC00539D9C /* Frameworks */,
				92FA519225EFCACC00539D9C /* Resources */,
				D5046DE53499503C36DD8DA4 /* [CP] Embed Pods Frameworks */,
				FA2620E1F7C5C13DD3079B7D /* [CP] Copy Pods Resources */,
			);
			buildRules = (
			);
			dependencies = (
			);
			name = TakeItLogin;
			packageProductDependencies = (
				9250EAB525F35C5A00801C54 /* FacebookLogin */,
				9250EAB725F35C5A00801C54 /* FacebookCore */,
				9250EAB925F35C5A00801C54 /* FacebookShare */,
				9250EABD25F37F4B00801C54 /* Kingfisher */,
			);
			productName = TakeItLogin;
			productReference = 92FA519425EFCACC00539D9C /* TakeItLogin.app */;
			productType = "com.apple.product-type.application";
		};
/* End PBXNativeTarget section */

/* Begin PBXProject section */
		92FA518C25EFCACC00539D9C /* Project object */ = {
			isa = PBXProject;
			attributes = {
				LastSwiftUpdateCheck = 1230;
				LastUpgradeCheck = 1230;
				TargetAttributes = {
					92FA519325EFCACC00539D9C = {
						CreatedOnToolsVersion = 12.3;
					};
				};
			};
			buildConfigurationList = 92FA518F25EFCACC00539D9C /* Build configuration list for PBXProject "TakeItLogin" */;
			compatibilityVersion = "Xcode 9.3";
			developmentRegion = en;
			hasScannedForEncodings = 0;
			knownRegions = (
				en,
				Base,
			);
			mainGroup = 92FA518B25EFCACC00539D9C;
			packageReferences = (
				9250EAB425F35C5A00801C54 /* XCRemoteSwiftPackageReference "facebook-ios-sdk" */,
				9250EABC25F37F4B00801C54 /* XCRemoteSwiftPackageReference "Kingfisher" */,
			);
			productRefGroup = 92FA519525EFCACC00539D9C /* Products */;
			projectDirPath = "";
			projectRoot = "";
			targets = (
				92FA519325EFCACC00539D9C /* TakeItLogin */,
			);
		};
/* End PBXProject section */

/* Begin PBXResourcesBuildPhase section */
		92FA519225EFCACC00539D9C /* Resources */ = {
			isa = PBXResourcesBuildPhase;
			buildActionMask = 2147483647;
			files = (
				92FA51A425EFCACF00539D9C /* LaunchScreen.storyboard in Resources */,
				92FA51AD25EFCAFC00539D9C /* GoogleService-Info.plist in Resources */,
				92FA51A125EFCACF00539D9C /* Assets.xcassets in Resources */,
				92FA519F25EFCACC00539D9C /* Main.storyboard in Resources */,
				1445A6E325F7A5AA00E140E0 /* Storyboard.storyboard in Resources */,
				1445A72B25F7ACE700E140E0 /* Storyboard.storyboard in Resources */,
				1445A6E925F7A5C100E140E0 /* Storyboard.storyboard in Resources */,
				1445A6E625F7A5B800E140E0 /* Storyboard.storyboard in Resources */,
			);
			runOnlyForDeploymentPostprocessing = 0;
		};
/* End PBXResourcesBuildPhase section */

/* Begin PBXShellScriptBuildPhase section */
		5B9A5C95985CCC277C9C4F82 /* [CP] Check Pods Manifest.lock */ = {
			isa = PBXShellScriptBuildPhase;
			buildActionMask = 2147483647;
			files = (
			);
			inputFileListPaths = (
			);
			inputPaths = (
				"${PODS_PODFILE_DIR_PATH}/Podfile.lock",
				"${PODS_ROOT}/Manifest.lock",
			);
			name = "[CP] Check Pods Manifest.lock";
			outputFileListPaths = (
			);
			outputPaths = (
				"$(DERIVED_FILE_DIR)/Pods-TakeItLogin-checkManifestLockResult.txt",
			);
			runOnlyForDeploymentPostprocessing = 0;
			shellPath = /bin/sh;
			shellScript = "diff \"${PODS_PODFILE_DIR_PATH}/Podfile.lock\" \"${PODS_ROOT}/Manifest.lock\" > /dev/null\nif [ $? != 0 ] ; then\n    # print error to STDERR\n    echo \"error: The sandbox is not in sync with the Podfile.lock. Run 'pod install' or update your CocoaPods installation.\" >&2\n    exit 1\nfi\n# This output is used by Xcode 'outputs' to avoid re-running this script phase.\necho \"SUCCESS\" > \"${SCRIPT_OUTPUT_FILE_0}\"\n";
			showEnvVarsInLog = 0;
		};
		D5046DE53499503C36DD8DA4 /* [CP] Embed Pods Frameworks */ = {
			isa = PBXShellScriptBuildPhase;
			buildActionMask = 2147483647;
			files = (
			);
			inputFileListPaths = (
				"${PODS_ROOT}/Target Support Files/Pods-TakeItLogin/Pods-TakeItLogin-frameworks-${CONFIGURATION}-input-files.xcfilelist",
			);
			name = "[CP] Embed Pods Frameworks";
			outputFileListPaths = (
				"${PODS_ROOT}/Target Support Files/Pods-TakeItLogin/Pods-TakeItLogin-frameworks-${CONFIGURATION}-output-files.xcfilelist",
			);
			runOnlyForDeploymentPostprocessing = 0;
			shellPath = /bin/sh;
			shellScript = "\"${PODS_ROOT}/Target Support Files/Pods-TakeItLogin/Pods-TakeItLogin-frameworks.sh\"\n";
			showEnvVarsInLog = 0;
		};
		FA2620E1F7C5C13DD3079B7D /* [CP] Copy Pods Resources */ = {
			isa = PBXShellScriptBuildPhase;
			buildActionMask = 2147483647;
			files = (
			);
			inputFileListPaths = (
				"${PODS_ROOT}/Target Support Files/Pods-TakeItLogin/Pods-TakeItLogin-resources-${CONFIGURATION}-input-files.xcfilelist",
			);
			name = "[CP] Copy Pods Resources";
			outputFileListPaths = (
				"${PODS_ROOT}/Target Support Files/Pods-TakeItLogin/Pods-TakeItLogin-resources-${CONFIGURATION}-output-files.xcfilelist",
			);
			runOnlyForDeploymentPostprocessing = 0;
			shellPath = /bin/sh;
			shellScript = "\"${PODS_ROOT}/Target Support Files/Pods-TakeItLogin/Pods-TakeItLogin-resources.sh\"\n";
			showEnvVarsInLog = 0;
		};
/* End PBXShellScriptBuildPhase section */

/* Begin PBXSourcesBuildPhase section */
		92FA519025EFCACC00539D9C /* Sources */ = {
			isa = PBXSourcesBuildPhase;
			buildActionMask = 2147483647;
			files = (
				92FA51C325EFD4D100539D9C /* LogInViewController.swift in Sources */,
				922A557025F3E85C00A38E0E /* SignUpViewController.swift in Sources */,
				92FA519825EFCACC00539D9C /* AppDelegate.swift in Sources */,
				92FA519A25EFCACC00539D9C /* SceneDelegate.swift in Sources */,
				92FA51CC25EFD7D600539D9C /* ForgetPasswordViewController.swift in Sources */,
				92FA51C625EFD52F00539D9C /* MemberViewController.swift in Sources */,
				92FA51BF25EFD48900539D9C /* HomeViewController.swift in Sources */,
			);
			runOnlyForDeploymentPostprocessing = 0;
		};
/* End PBXSourcesBuildPhase section */

/* Begin PBXVariantGroup section */
		92FA519D25EFCACC00539D9C /* Main.storyboard */ = {
			isa = PBXVariantGroup;
			children = (
				92FA519E25EFCACC00539D9C /* Base */,
			);
			name = Main.storyboard;
			sourceTree = "<group>";
		};
		92FA51A225EFCACF00539D9C /* LaunchScreen.storyboard */ = {
			isa = PBXVariantGroup;
			children = (
				92FA51A325EFCACF00539D9C /* Base */,
			);
			name = LaunchScreen.storyboard;
			sourceTree = "<group>";
		};
/* End PBXVariantGroup section */

/* Begin XCBuildConfiguration section */
		92FA51A625EFCACF00539D9C /* Debug */ = {
			isa = XCBuildConfiguration;
			buildSettings = {
				ALWAYS_SEARCH_USER_PATHS = NO;
				CLANG_ANALYZER_NONNULL = YES;
				CLANG_ANALYZER_NUMBER_OBJECT_CONVERSION = YES_AGGRESSIVE;
				CLANG_CXX_LANGUAGE_STANDARD = "gnu++14";
				CLANG_CXX_LIBRARY = "libc++";
				CLANG_ENABLE_MODULES = YES;
				CLANG_ENABLE_OBJC_ARC = YES;
				CLANG_ENABLE_OBJC_WEAK = YES;
				CLANG_WARN_BLOCK_CAPTURE_AUTORELEASING = YES;
				CLANG_WARN_BOOL_CONVERSION = YES;
				CLANG_WARN_COMMA = YES;
				CLANG_WARN_CONSTANT_CONVERSION = YES;
				CLANG_WARN_DEPRECATED_OBJC_IMPLEMENTATIONS = YES;
				CLANG_WARN_DIRECT_OBJC_ISA_USAGE = YES_ERROR;
				CLANG_WARN_DOCUMENTATION_COMMENTS = YES;
				CLANG_WARN_EMPTY_BODY = YES;
				CLANG_WARN_ENUM_CONVERSION = YES;
				CLANG_WARN_INFINITE_RECURSION = YES;
				CLANG_WARN_INT_CONVERSION = YES;
				CLANG_WARN_NON_LITERAL_NULL_CONVERSION = YES;
				CLANG_WARN_OBJC_IMPLICIT_RETAIN_SELF = YES;
				CLANG_WARN_OBJC_LITERAL_CONVERSION = YES;
				CLANG_WARN_OBJC_ROOT_CLASS = YES_ERROR;
				CLANG_WARN_QUOTED_INCLUDE_IN_FRAMEWORK_HEADER = YES;
				CLANG_WARN_RANGE_LOOP_ANALYSIS = YES;
				CLANG_WARN_STRICT_PROTOTYPES = YES;
				CLANG_WARN_SUSPICIOUS_MOVE = YES;
				CLANG_WARN_UNGUARDED_AVAILABILITY = YES_AGGRESSIVE;
				CLANG_WARN_UNREACHABLE_CODE = YES;
				CLANG_WARN__DUPLICATE_METHOD_MATCH = YES;
				COPY_PHASE_STRIP = NO;
				DEBUG_INFORMATION_FORMAT = dwarf;
				ENABLE_STRICT_OBJC_MSGSEND = YES;
				ENABLE_TESTABILITY = YES;
				GCC_C_LANGUAGE_STANDARD = gnu11;
				GCC_DYNAMIC_NO_PIC = NO;
				GCC_NO_COMMON_BLOCKS = YES;
				GCC_OPTIMIZATION_LEVEL = 0;
				GCC_PREPROCESSOR_DEFINITIONS = (
					"DEBUG=1",
					"$(inherited)",
				);
				GCC_WARN_64_TO_32_BIT_CONVERSION = YES;
				GCC_WARN_ABOUT_RETURN_TYPE = YES_ERROR;
				GCC_WARN_UNDECLARED_SELECTOR = YES;
				GCC_WARN_UNINITIALIZED_AUTOS = YES_AGGRESSIVE;
				GCC_WARN_UNUSED_FUNCTION = YES;
				GCC_WARN_UNUSED_VARIABLE = YES;
				IPHONEOS_DEPLOYMENT_TARGET = 14.3;
				MTL_ENABLE_DEBUG_INFO = INCLUDE_SOURCE;
				MTL_FAST_MATH = YES;
				ONLY_ACTIVE_ARCH = YES;
				SDKROOT = iphoneos;
				SWIFT_ACTIVE_COMPILATION_CONDITIONS = DEBUG;
				SWIFT_OPTIMIZATION_LEVEL = "-Onone";
			};
			name = Debug;
		};
		92FA51A725EFCACF00539D9C /* Release */ = {
			isa = XCBuildConfiguration;
			buildSettings = {
				ALWAYS_SEARCH_USER_PATHS = NO;
				CLANG_ANALYZER_NONNULL = YES;
				CLANG_ANALYZER_NUMBER_OBJECT_CONVERSION = YES_AGGRESSIVE;
				CLANG_CXX_LANGUAGE_STANDARD = "gnu++14";
				CLANG_CXX_LIBRARY = "libc++";
				CLANG_ENABLE_MODULES = YES;
				CLANG_ENABLE_OBJC_ARC = YES;
				CLANG_ENABLE_OBJC_WEAK = YES;
				CLANG_WARN_BLOCK_CAPTURE_AUTORELEASING = YES;
				CLANG_WARN_BOOL_CONVERSION = YES;
				CLANG_WARN_COMMA = YES;
				CLANG_WARN_CONSTANT_CONVERSION = YES;
				CLANG_WARN_DEPRECATED_OBJC_IMPLEMENTATIONS = YES;
				CLANG_WARN_DIRECT_OBJC_ISA_USAGE = YES_ERROR;
				CLANG_WARN_DOCUMENTATION_COMMENTS = YES;
				CLANG_WARN_EMPTY_BODY = YES;
				CLANG_WARN_ENUM_CONVERSION = YES;
				CLANG_WARN_INFINITE_RECURSION = YES;
				CLANG_WARN_INT_CONVERSION = YES;
				CLANG_WARN_NON_LITERAL_NULL_CONVERSION = YES;
				CLANG_WARN_OBJC_IMPLICIT_RETAIN_SELF = YES;
				CLANG_WARN_OBJC_LITERAL_CONVERSION = YES;
				CLANG_WARN_OBJC_ROOT_CLASS = YES_ERROR;
				CLANG_WARN_QUOTED_INCLUDE_IN_FRAMEWORK_HEADER = YES;
				CLANG_WARN_RANGE_LOOP_ANALYSIS = YES;
				CLANG_WARN_STRICT_PROTOTYPES = YES;
				CLANG_WARN_SUSPICIOUS_MOVE = YES;
				CLANG_WARN_UNGUARDED_AVAILABILITY = YES_AGGRESSIVE;
				CLANG_WARN_UNREACHABLE_CODE = YES;
				CLANG_WARN__DUPLICATE_METHOD_MATCH = YES;
				COPY_PHASE_STRIP = NO;
				DEBUG_INFORMATION_FORMAT = "dwarf-with-dsym";
				ENABLE_NS_ASSERTIONS = NO;
				ENABLE_STRICT_OBJC_MSGSEND = YES;
				GCC_C_LANGUAGE_STANDARD = gnu11;
				GCC_NO_COMMON_BLOCKS = YES;
				GCC_WARN_64_TO_32_BIT_CONVERSION = YES;
				GCC_WARN_ABOUT_RETURN_TYPE = YES_ERROR;
				GCC_WARN_UNDECLARED_SELECTOR = YES;
				GCC_WARN_UNINITIALIZED_AUTOS = YES_AGGRESSIVE;
				GCC_WARN_UNUSED_FUNCTION = YES;
				GCC_WARN_UNUSED_VARIABLE = YES;
				IPHONEOS_DEPLOYMENT_TARGET = 14.3;
				MTL_ENABLE_DEBUG_INFO = NO;
				MTL_FAST_MATH = YES;
				SDKROOT = iphoneos;
				SWIFT_COMPILATION_MODE = wholemodule;
				SWIFT_OPTIMIZATION_LEVEL = "-O";
				VALIDATE_PRODUCT = YES;
			};
			name = Release;
		};
		92FA51A925EFCACF00539D9C /* Debug */ = {
			isa = XCBuildConfiguration;
			baseConfigurationReference = 4816E5AAD29BB9939362D471 /* Pods-TakeItLogin.debug.xcconfig */;
			buildSettings = {
				ASSETCATALOG_COMPILER_APPICON_NAME = AppIcon;
				ASSETCATALOG_COMPILER_GLOBAL_ACCENT_COLOR_NAME = AccentColor;
				CODE_SIGN_STYLE = Automatic;
				DEVELOPMENT_TEAM = N4U75326T7;
				INFOPLIST_FILE = TakeItLogin/Info.plist;
				LD_RUNPATH_SEARCH_PATHS = (
					"$(inherited)",
					"@executable_path/Frameworks",
				);
				PRODUCT_BUNDLE_IDENTIFIER = RichardLin.TakeItLogin;
				PRODUCT_NAME = "$(TARGET_NAME)";
				SWIFT_VERSION = 5.0;
				TARGETED_DEVICE_FAMILY = "1,2";
			};
			name = Debug;
		};
		92FA51AA25EFCACF00539D9C /* Release */ = {
			isa = XCBuildConfiguration;
			baseConfigurationReference = AC75CCB938693BCCE0FA1B93 /* Pods-TakeItLogin.release.xcconfig */;
			buildSettings = {
				ASSETCATALOG_COMPILER_APPICON_NAME = AppIcon;
				ASSETCATALOG_COMPILER_GLOBAL_ACCENT_COLOR_NAME = AccentColor;
				CODE_SIGN_STYLE = Automatic;
				DEVELOPMENT_TEAM = N4U75326T7;
				INFOPLIST_FILE = TakeItLogin/Info.plist;
				LD_RUNPATH_SEARCH_PATHS = (
					"$(inherited)",
					"@executable_path/Frameworks",
				);
				PRODUCT_BUNDLE_IDENTIFIER = RichardLin.TakeItLogin;
				PRODUCT_NAME = "$(TARGET_NAME)";
				SWIFT_VERSION = 5.0;
				TARGETED_DEVICE_FAMILY = "1,2";
			};
			name = Release;
		};
/* End XCBuildConfiguration section */

/* Begin XCConfigurationList section */
		92FA518F25EFCACC00539D9C /* Build configuration list for PBXProject "TakeItLogin" */ = {
			isa = XCConfigurationList;
			buildConfigurations = (
				92FA51A625EFCACF00539D9C /* Debug */,
				92FA51A725EFCACF00539D9C /* Release */,
			);
			defaultConfigurationIsVisible = 0;
			defaultConfigurationName = Release;
		};
		92FA51A825EFCACF00539D9C /* Build configuration list for PBXNativeTarget "TakeItLogin" */ = {
			isa = XCConfigurationList;
			buildConfigurations = (
				92FA51A925EFCACF00539D9C /* Debug */,
				92FA51AA25EFCACF00539D9C /* Release */,
			);
			defaultConfigurationIsVisible = 0;
			defaultConfigurationName = Release;
		};
/* End XCConfigurationList section */

/* Begin XCRemoteSwiftPackageReference section */
		9250EAB425F35C5A00801C54 /* XCRemoteSwiftPackageReference "facebook-ios-sdk" */ = {
			isa = XCRemoteSwiftPackageReference;
			repositoryURL = "https://github.com/facebook/facebook-ios-sdk.git";
			requirement = {
				kind = upToNextMajorVersion;
				minimumVersion = 9.0.1;
			};
		};
		9250EABC25F37F4B00801C54 /* XCRemoteSwiftPackageReference "Kingfisher" */ = {
			isa = XCRemoteSwiftPackageReference;
			repositoryURL = "https://github.com/onevcat/Kingfisher.git";
			requirement = {
				kind = upToNextMajorVersion;
				minimumVersion = 6.1.1;
			};
		};
/* End XCRemoteSwiftPackageReference section */

/* Begin XCSwiftPackageProductDependency section */
		9250EAB525F35C5A00801C54 /* FacebookLogin */ = {
			isa = XCSwiftPackageProductDependency;
			package = 9250EAB425F35C5A00801C54 /* XCRemoteSwiftPackageReference "facebook-ios-sdk" */;
			productName = FacebookLogin;
		};
		9250EAB725F35C5A00801C54 /* FacebookCore */ = {
			isa = XCSwiftPackageProductDependency;
			package = 9250EAB425F35C5A00801C54 /* XCRemoteSwiftPackageReference "facebook-ios-sdk" */;
			productName = FacebookCore;
		};
		9250EAB925F35C5A00801C54 /* FacebookShare */ = {
			isa = XCSwiftPackageProductDependency;
			package = 9250EAB425F35C5A00801C54 /* XCRemoteSwiftPackageReference "facebook-ios-sdk" */;
			productName = FacebookShare;
		};
		9250EABD25F37F4B00801C54 /* Kingfisher */ = {
			isa = XCSwiftPackageProductDependency;
			package = 9250EABC25F37F4B00801C54 /* XCRemoteSwiftPackageReference "Kingfisher" */;
			productName = Kingfisher;
		};
/* End XCSwiftPackageProductDependency section */
	};
	rootObject = 92FA518C25EFCACC00539D9C /* Project object */;
}
